Microsoft Visual Studio Solution File, Format Version 12.00
# Visual Studio Version 17
VisualStudioVersion = 17.0
MinimumVisualStudioVersion = 15.0
Project("{5DD5E4FA-CB73-4610-85AB-557B54E96AA9}") = "MSBuild.Core.Sdk", "Sources\MSBuild.Core.Sdk\MSBuild.Core.Sdk.nuproj", "{783A4558-BD83-4557-A6BC-A9C5636E82AD}"
EndProject
Project("{5DD5E4FA-CB73-4610-85AB-557B54E96AA9}") = "MSBuild.Dependencies.Sdk", "Sources\MSBuild.Dependencies.Sdk\MSBuild.Dependencies.Sdk.nuproj", "{4D73720F-06D1-4A74-84D6-FE23115F5F96}"
EndProject
Project("{5DD5E4FA-CB73-4610-85AB-557B54E96AA9}") = "MSBuild.Native.Sdk", "Sources\MSBuild.Native.Sdk\MSBuild.Native.Sdk.nuproj", "{B088F8C2-87CE-4A56-B92B-83BF2EF995F7}"
EndProject
Project("{5DD5E4FA-CB73-4610-85AB-557B54E96AA9}") = "MSBuild.NET.Sdk", "Sources\MSBuild.NET.Sdk\MSBuild.NET.Sdk.nuproj", "{9B67EF80-5F2B-453E-AB0C-2E3DBE098F22}"
EndProject
Project("{5DD5E4FA-CB73-4610-85AB-557B54E96AA9}") = "MSBuild.Packaging.Sdk", "Sources\MSBuild.Packaging.Sdk\MSBuild.Packaging.Sdk.nuproj", "{5E1B574A-7C25-4C51-B25B-6D78F847252F}"
EndProject
Project("{5DD5E4FA-CB73-4610-85AB-557B54E96AA9}") = "MSBuild.Sharing.Sdk", "Sources\MSBuild.Sharing.Sdk\MSBuild.Sharing.Sdk.nuproj", "{4E83D386-7C67-465C-9407-1FEA813B1DFA}"
EndProject
Project("{5DD5E4FA-CB73-4610-85AB-557B54E96AA9}") = "MSBuild.Solution.Sdk", "Sources\MSBuild.Solution.Sdk\MSBuild.Solution.Sdk.nuproj", "{6B5DCD27-878E-4D34-ABBA-D2B2CDBC0058}"
EndProject
Global
	GlobalSection(SolutionConfigurationPlatforms) = preSolution
		Debug|Any = Debug|Any
		Release|Any = Release|Any
	EndGlobalSection
	GlobalSection(ProjectConfigurationPlatforms) = postSolution
		{783A4558-BD83-4557-A6BC-A9C5636E82AD}.Debug|Any.ActiveCfg = Debug|Any
		{783A4558-BD83-4557-A6BC-A9C5636E82AD}.Debug|Any.Build.0 = Debug|Any
		{783A4558-BD83-4557-A6BC-A9C5636E82AD}.Release|Any.ActiveCfg = Release|Any
		{783A4558-BD83-4557-A6BC-A9C5636E82AD}.Release|Any.Build.0 = Release|Any
		{4D73720F-06D1-4A74-84D6-FE23115F5F96}.Debug|Any.ActiveCfg = Debug|Any
		{4D73720F-06D1-4A74-84D6-FE23115F5F96}.Debug|Any.Build.0 = Debug|Any
		{4D73720F-06D1-4A74-84D6-FE23115F5F96}.Release|Any.ActiveCfg = Release|Any
		{4D73720F-06D1-4A74-84D6-FE23115F5F96}.Release|Any.Build.0 = Release|Any
		{B088F8C2-87CE-4A56-B92B-83BF2EF995F7}.Debug|Any.ActiveCfg = Debug|Any
		{B088F8C2-87CE-4A56-B92B-83BF2EF995F7}.Debug|Any.Build.0 = Debug|Any
		{B088F8C2-87CE-4A56-B92B-83BF2EF995F7}.Release|Any.ActiveCfg = Release|Any
		{B088F8C2-87CE-4A56-B92B-83BF2EF995F7}.Release|Any.Build.0 = Release|Any
		{9B67EF80-5F2B-453E-AB0C-2E3DBE098F22}.Debug|Any.ActiveCfg = Debug|Any
		{9B67EF80-5F2B-453E-AB0C-2E3DBE098F22}.Debug|Any.Build.0 = Debug|Any
		{9B67EF80-5F2B-453E-AB0C-2E3DBE098F22}.Release|Any.ActiveCfg = Release|Any
		{9B67EF80-5F2B-453E-AB0C-2E3DBE098F22}.Release|Any.Build.0 = Release|Any
		{5E1B574A-7C25-4C51-B25B-6D78F847252F}.Debug|Any.ActiveCfg = Debug|Any
		{5E1B574A-7C25-4C51-B25B-6D78F847252F}.Debug|Any.Build.0 = Debug|Any
		{5E1B574A-7C25-4C51-B25B-6D78F847252F}.Release|Any.ActiveCfg = Release|Any
		{5E1B574A-7C25-4C51-B25B-6D78F847252F}.Release|Any.Build.0 = Release|Any
		{4E83D386-7C67-465C-9407-1FEA813B1DFA}.Debug|Any.ActiveCfg = Debug|Any
		{4E83D386-7C67-465C-9407-1FEA813B1DFA}.Debug|Any.Build.0 = Debug|Any
		{4E83D386-7C67-465C-9407-1FEA813B1DFA}.Release|Any.ActiveCfg = Release|Any
		{4E83D386-7C67-465C-9407-1FEA813B1DFA}.Release|Any.Build.0 = Release|Any
		{6B5DCD27-878E-4D34-ABBA-D2B2CDBC0058}.Debug|Any.ActiveCfg = Debug|Any
		{6B5DCD27-878E-4D34-ABBA-D2B2CDBC0058}.Debug|Any.Build.0 = Debug|Any
		{6B5DCD27-878E-4D34-ABBA-D2B2CDBC0058}.Release|Any.ActiveCfg = Release|Any
		{6B5DCD27-878E-4D34-ABBA-D2B2CDBC0058}.Release|Any.Build.0 = Release|Any
	EndGlobalSection
	GlobalSection(SolutionProperties) = preSolution
		HideSolutionNode = FALSE
	EndGlobalSection
	GlobalSection(ExtensibilityGlobals) = postSolution
		SolutionGuid = {59E40B9F-1468-4E2F-BD7B-EFE7B2DDDCF0}
	EndGlobalSection
EndGlobal
