Microsoft Visual Studio Solution File, Format Version 12.00
# Visual Studio Version 17
VisualStudioVersion = 17.0
MinimumVisualStudioVersion = 15.0
Project("{5DD5E4FA-CB73-4610-85AB-557B54E96AA9}") = "MSBuild.Core.Sdk", "Source\MSBuild.Core.Sdk\MSBuild.Core.Sdk.nuproj", "{783A4558-BD83-4557-A6BC-A9C5636E82AD}"
EndProject
Project("{5DD5E4FA-CB73-4610-85AB-557B54E96AA9}") = "MSBuild.NET.DefaultItems", "Source\MSBuild.NET.DefaultItems\MSBuild.NET.DefaultItems.nuproj", "{D954D633-9922-4AFF-83F2-BF157E2ED850}"
EndProject
Project("{5DD5E4FA-CB73-4610-85AB-557B54E96AA9}") = "MSBuild.NET.Extras.Sdk", "Source\MSBuild.NET.Extras.Sdk\MSBuild.NET.Extras.Sdk.nuproj", "{FBA79394-3A96-4BBE-B046-7302181AF10D}"
EndProject
Project("{5DD5E4FA-CB73-4610-85AB-557B54E96AA9}") = "MSBuild.NET.Inbox.Sdk", "Source\MSBuild.NET.Inbox.Sdk\MSBuild.NET.Inbox.Sdk.nuproj", "{4E58D45C-5E52-4301-A661-C49594094319}"
EndProject
Project("{5DD5E4FA-CB73-4610-85AB-557B54E96AA9}") = "MSBuild.NET.Legacy.Sdk", "Source\MSBuild.NET.Legacy.Sdk\MSBuild.NET.Legacy.Sdk.nuproj", "{9E0252B6-8815-4E25-8C6E-5838963C8233}"
EndProject
Project("{5DD5E4FA-CB73-4610-85AB-557B54E96AA9}") = "MSBuild.Sharing.Sdk", "Source\MSBuild.Sharing.Sdk\MSBuild.Sharing.Sdk.nuproj", "{4E83D386-7C67-465C-9407-1FEA813B1DFA}"
EndProject
Project("{5DD5E4FA-CB73-4610-85AB-557B54E96AA9}") = "MSBuild.Solution.Sdk", "Source\MSBuild.Solution.Sdk\MSBuild.Solution.Sdk.nuproj", "{6B5DCD27-878E-4D34-ABBA-D2B2CDBC0058}"
EndProject
Project("{5DD5E4FA-CB73-4610-85AB-557B54E96AA9}") = "NuGet.Packaging.Sdk", "Source\NuGet.Packaging.Sdk\NuGet.Packaging.Sdk.nuproj", "{208EC1B3-8458-4382-9C82-E20BDC7A0CAC}"
EndProject
Global
	GlobalSection(SolutionConfigurationPlatforms) = preSolution
		Debug|Any = Debug|Any
		Release|Any = Release|Any
	EndGlobalSection
	GlobalSection(ProjectConfigurationPlatforms) = postSolution
		{783A4558-BD83-4557-A6BC-A9C5636E82AD}.Debug|Any.ActiveCfg = Debug|Any
		{783A4558-BD83-4557-A6BC-A9C5636E82AD}.Debug|Any.Build.0 = Debug|Any
		{783A4558-BD83-4557-A6BC-A9C5636E82AD}.Release|Any.ActiveCfg = Release|Any
		{783A4558-BD83-4557-A6BC-A9C5636E82AD}.Release|Any.Build.0 = Release|Any
		{D954D633-9922-4AFF-83F2-BF157E2ED850}.Debug|Any.ActiveCfg = Debug|Any
		{D954D633-9922-4AFF-83F2-BF157E2ED850}.Debug|Any.Build.0 = Debug|Any
		{D954D633-9922-4AFF-83F2-BF157E2ED850}.Release|Any.ActiveCfg = Release|Any
		{D954D633-9922-4AFF-83F2-BF157E2ED850}.Release|Any.Build.0 = Release|Any
		{FBA79394-3A96-4BBE-B046-7302181AF10D}.Debug|Any.ActiveCfg = Debug|Any
		{FBA79394-3A96-4BBE-B046-7302181AF10D}.Debug|Any.Build.0 = Debug|Any
		{FBA79394-3A96-4BBE-B046-7302181AF10D}.Release|Any.ActiveCfg = Release|Any
		{FBA79394-3A96-4BBE-B046-7302181AF10D}.Release|Any.Build.0 = Release|Any
		{4E58D45C-5E52-4301-A661-C49594094319}.Debug|Any.ActiveCfg = Debug|Any
		{4E58D45C-5E52-4301-A661-C49594094319}.Debug|Any.Build.0 = Debug|Any
		{4E58D45C-5E52-4301-A661-C49594094319}.Release|Any.ActiveCfg = Release|Any
		{4E58D45C-5E52-4301-A661-C49594094319}.Release|Any.Build.0 = Release|Any
		{9E0252B6-8815-4E25-8C6E-5838963C8233}.Debug|Any.ActiveCfg = Debug|Any
		{9E0252B6-8815-4E25-8C6E-5838963C8233}.Debug|Any.Build.0 = Debug|Any
		{9E0252B6-8815-4E25-8C6E-5838963C8233}.Release|Any.ActiveCfg = Release|Any
		{9E0252B6-8815-4E25-8C6E-5838963C8233}.Release|Any.Build.0 = Release|Any
		{4E83D386-7C67-465C-9407-1FEA813B1DFA}.Debug|Any.ActiveCfg = Debug|Any
		{4E83D386-7C67-465C-9407-1FEA813B1DFA}.Debug|Any.Build.0 = Debug|Any
		{4E83D386-7C67-465C-9407-1FEA813B1DFA}.Release|Any.ActiveCfg = Release|Any
		{4E83D386-7C67-465C-9407-1FEA813B1DFA}.Release|Any.Build.0 = Release|Any
		{6B5DCD27-878E-4D34-ABBA-D2B2CDBC0058}.Debug|Any.ActiveCfg = Debug|Any
		{6B5DCD27-878E-4D34-ABBA-D2B2CDBC0058}.Debug|Any.Build.0 = Debug|Any
		{6B5DCD27-878E-4D34-ABBA-D2B2CDBC0058}.Release|Any.ActiveCfg = Release|Any
		{6B5DCD27-878E-4D34-ABBA-D2B2CDBC0058}.Release|Any.Build.0 = Release|Any
		{208EC1B3-8458-4382-9C82-E20BDC7A0CAC}.Debug|Any.ActiveCfg = Debug|Any
		{208EC1B3-8458-4382-9C82-E20BDC7A0CAC}.Debug|Any.Build.0 = Debug|Any
		{208EC1B3-8458-4382-9C82-E20BDC7A0CAC}.Release|Any.ActiveCfg = Release|Any
		{208EC1B3-8458-4382-9C82-E20BDC7A0CAC}.Release|Any.Build.0 = Release|Any
	EndGlobalSection
	GlobalSection(SolutionProperties) = preSolution
		HideSolutionNode = FALSE
	EndGlobalSection
	GlobalSection(ExtensibilityGlobals) = postSolution
		SolutionGuid = {59E40B9F-1468-4E2F-BD7B-EFE7B2DDDCF0}
	EndGlobalSection
EndGlobal
