Microsoft Visual Studio Solution File, Format Version 12.00
# Visual Studio Version 16
VisualStudioVersion = 16.0.29102.190
MinimumVisualStudioVersion = 10.0.40219.1
Project("{2150E333-8FDC-42A3-9474-1A3956D46DE8}") = "Sdks", "Sdks", "{43CB834E-28D8-4B88-B668-F1388A5D774E}"
EndProject
Project("{5DD5E4FA-CB73-4610-85AB-557B54E96AA9}") = "MSBuild.Core.Sdk", "Source\MSBuild.Core.Sdk\MSBuild.Core.Sdk.nuproj", "{783A4558-BD83-4557-A6BC-A9C5636E82AD}"
EndProject
Project("{5DD5E4FA-CB73-4610-85AB-557B54E96AA9}") = "MSBuild.Dependencies.Sdk", "Source\MSBuild.Dependencies.Sdk\MSBuild.Dependencies.Sdk.nuproj", "{4D73720F-06D1-4A74-84D6-FE23115F5F96}"
EndProject
Project("{5DD5E4FA-CB73-4610-85AB-557B54E96AA9}") = "MSBuild.Native.Sdk", "Source\MSBuild.Native.Sdk\MSBuild.Native.Sdk.nuproj", "{B088F8C2-87CE-4A56-B92B-83BF2EF995F7}"
EndProject
Project("{5DD5E4FA-CB73-4610-85AB-557B54E96AA9}") = "MSBuild.NET.Sdk", "Source\MSBuild.NET.Sdk\MSBuild.NET.Sdk.nuproj", "{9B67EF80-5F2B-453E-AB0C-2E3DBE098F22}"
EndProject
Project("{5DD5E4FA-CB73-4610-85AB-557B54E96AA9}") = "MSBuild.Packaging.Sdk", "Source\MSBuild.Packaging.Sdk\MSBuild.Packaging.Sdk.nuproj", "{5E1B574A-7C25-4C51-B25B-6D78F847252F}"
EndProject
Project("{5DD5E4FA-CB73-4610-85AB-557B54E96AA9}") = "MSBuild.Sharing.Sdk", "Source\MSBuild.Sharing.Sdk\MSBuild.Sharing.Sdk.nuproj", "{4E83D386-7C67-465C-9407-1FEA813B1DFA}"
EndProject
Project("{5DD5E4FA-CB73-4610-85AB-557B54E96AA9}") = "MSBuild.Solution.Sdk", "Source\MSBuild.Solution.Sdk\MSBuild.Solution.Sdk.nuproj", "{6B5DCD27-878E-4D34-ABBA-D2B2CDBC0058}"
EndProject
Project("{2150E333-8FDC-42A3-9474-1A3956D46DE8}") = "Tests", "Tests", "{A6D598DD-B005-4ECF-B7B4-1CDC7FF3B65B}"
EndProject
Project("{9A19103F-16F7-4668-BE54-9A1E7A4F7556}") = "MSBuild.Core.Tests", "Tests\MSBuild.Core.Tests\MSBuild.Core.Tests.csproj", "{64D12982-9EB5-4946-ADF0-633DA2FE2A96}"
EndProject
Project("{9A19103F-16F7-4668-BE54-9A1E7A4F7556}") = "MSBuild.NET.Tests", "Tests\MSBuild.NET.Tests\MSBuild.NET.Tests.csproj", "{7370E23C-38E8-4C06-B4C4-FF1067A6D215}"
EndProject
Project("{9A19103F-16F7-4668-BE54-9A1E7A4F7556}") = "MSBuild.TestFramework", "Tests\MSBuild.TestFramework\MSBuild.TestFramework.csproj", "{9D3A6804-CB5F-48FE-A75A-9F6C359DBDC7}"
EndProject
Global
	GlobalSection(SolutionConfigurationPlatforms) = preSolution
		Debug|Any = Debug|Any
		Release|Any = Release|Any
	EndGlobalSection
	GlobalSection(ProjectConfigurationPlatforms) = postSolution
		{783A4558-BD83-4557-A6BC-A9C5636E82AD}.Debug|Any.ActiveCfg = Debug|Any
		{783A4558-BD83-4557-A6BC-A9C5636E82AD}.Debug|Any.Build.0 = Debug|Any
		{783A4558-BD83-4557-A6BC-A9C5636E82AD}.Release|Any.ActiveCfg = Release|Any
		{783A4558-BD83-4557-A6BC-A9C5636E82AD}.Release|Any.Build.0 = Release|Any
		{4D73720F-06D1-4A74-84D6-FE23115F5F96}.Debug|Any.ActiveCfg = Debug|Any
		{4D73720F-06D1-4A74-84D6-FE23115F5F96}.Debug|Any.Build.0 = Debug|Any
		{4D73720F-06D1-4A74-84D6-FE23115F5F96}.Release|Any.ActiveCfg = Release|Any
		{4D73720F-06D1-4A74-84D6-FE23115F5F96}.Release|Any.Build.0 = Release|Any
		{B088F8C2-87CE-4A56-B92B-83BF2EF995F7}.Debug|Any.ActiveCfg = Debug|Any
		{B088F8C2-87CE-4A56-B92B-83BF2EF995F7}.Debug|Any.Build.0 = Debug|Any
		{B088F8C2-87CE-4A56-B92B-83BF2EF995F7}.Release|Any.ActiveCfg = Release|Any
		{B088F8C2-87CE-4A56-B92B-83BF2EF995F7}.Release|Any.Build.0 = Release|Any
		{9B67EF80-5F2B-453E-AB0C-2E3DBE098F22}.Debug|Any.ActiveCfg = Debug|Any
		{9B67EF80-5F2B-453E-AB0C-2E3DBE098F22}.Debug|Any.Build.0 = Debug|Any
		{9B67EF80-5F2B-453E-AB0C-2E3DBE098F22}.Release|Any.ActiveCfg = Release|Any
		{9B67EF80-5F2B-453E-AB0C-2E3DBE098F22}.Release|Any.Build.0 = Release|Any
		{5E1B574A-7C25-4C51-B25B-6D78F847252F}.Debug|Any.ActiveCfg = Debug|Any
		{5E1B574A-7C25-4C51-B25B-6D78F847252F}.Debug|Any.Build.0 = Debug|Any
		{5E1B574A-7C25-4C51-B25B-6D78F847252F}.Release|Any.ActiveCfg = Release|Any
		{5E1B574A-7C25-4C51-B25B-6D78F847252F}.Release|Any.Build.0 = Release|Any
		{4E83D386-7C67-465C-9407-1FEA813B1DFA}.Debug|Any.ActiveCfg = Debug|Any
		{4E83D386-7C67-465C-9407-1FEA813B1DFA}.Debug|Any.Build.0 = Debug|Any
		{4E83D386-7C67-465C-9407-1FEA813B1DFA}.Release|Any.ActiveCfg = Release|Any
		{4E83D386-7C67-465C-9407-1FEA813B1DFA}.Release|Any.Build.0 = Release|Any
		{6B5DCD27-878E-4D34-ABBA-D2B2CDBC0058}.Debug|Any.ActiveCfg = Debug|Any
		{6B5DCD27-878E-4D34-ABBA-D2B2CDBC0058}.Debug|Any.Build.0 = Debug|Any
		{6B5DCD27-878E-4D34-ABBA-D2B2CDBC0058}.Release|Any.ActiveCfg = Release|Any
		{6B5DCD27-878E-4D34-ABBA-D2B2CDBC0058}.Release|Any.Build.0 = Release|Any
		{64D12982-9EB5-4946-ADF0-633DA2FE2A96}.Debug|Any.ActiveCfg = Debug|Any
		{64D12982-9EB5-4946-ADF0-633DA2FE2A96}.Debug|Any.Build.0 = Debug|Any
		{64D12982-9EB5-4946-ADF0-633DA2FE2A96}.Release|Any.ActiveCfg = Release|Any
		{64D12982-9EB5-4946-ADF0-633DA2FE2A96}.Release|Any.Build.0 = Release|Any
		{7370E23C-38E8-4C06-B4C4-FF1067A6D215}.Debug|Any.ActiveCfg = Debug|Any
		{7370E23C-38E8-4C06-B4C4-FF1067A6D215}.Debug|Any.Build.0 = Debug|Any
		{7370E23C-38E8-4C06-B4C4-FF1067A6D215}.Release|Any.ActiveCfg = Release|Any
		{7370E23C-38E8-4C06-B4C4-FF1067A6D215}.Release|Any.Build.0 = Release|Any
		{9D3A6804-CB5F-48FE-A75A-9F6C359DBDC7}.Debug|Any.ActiveCfg = Debug|Any
		{9D3A6804-CB5F-48FE-A75A-9F6C359DBDC7}.Debug|Any.Build.0 = Debug|Any
		{9D3A6804-CB5F-48FE-A75A-9F6C359DBDC7}.Release|Any.ActiveCfg = Release|Any
		{9D3A6804-CB5F-48FE-A75A-9F6C359DBDC7}.Release|Any.Build.0 = Release|Any
	EndGlobalSection
	GlobalSection(SolutionProperties) = preSolution
		HideSolutionNode = FALSE
	EndGlobalSection
	GlobalSection(NestedProjects) = preSolution
		{783A4558-BD83-4557-A6BC-A9C5636E82AD} = {43CB834E-28D8-4B88-B668-F1388A5D774E}
		{4D73720F-06D1-4A74-84D6-FE23115F5F96} = {43CB834E-28D8-4B88-B668-F1388A5D774E}
		{B088F8C2-87CE-4A56-B92B-83BF2EF995F7} = {43CB834E-28D8-4B88-B668-F1388A5D774E}
		{9B67EF80-5F2B-453E-AB0C-2E3DBE098F22} = {43CB834E-28D8-4B88-B668-F1388A5D774E}
		{5E1B574A-7C25-4C51-B25B-6D78F847252F} = {43CB834E-28D8-4B88-B668-F1388A5D774E}
		{4E83D386-7C67-465C-9407-1FEA813B1DFA} = {43CB834E-28D8-4B88-B668-F1388A5D774E}
		{6B5DCD27-878E-4D34-ABBA-D2B2CDBC0058} = {43CB834E-28D8-4B88-B668-F1388A5D774E}
		{64D12982-9EB5-4946-ADF0-633DA2FE2A96} = {A6D598DD-B005-4ECF-B7B4-1CDC7FF3B65B}
		{7370E23C-38E8-4C06-B4C4-FF1067A6D215} = {A6D598DD-B005-4ECF-B7B4-1CDC7FF3B65B}
		{9D3A6804-CB5F-48FE-A75A-9F6C359DBDC7} = {A6D598DD-B005-4ECF-B7B4-1CDC7FF3B65B}
	EndGlobalSection
	GlobalSection(ExtensibilityGlobals) = postSolution
		SolutionGuid = {59E40B9F-1468-4E2F-BD7B-EFE7B2DDDCF0}
	EndGlobalSection
EndGlobal
