Microsoft Visual Studio Solution File, Format Version 12.00
# Visual Studio Version 17
VisualStudioVersion = 17.0
MinimumVisualStudioVersion = 15.0
Project("{9A19103F-16F7-4668-BE54-9A1E7A4F7556}") = "MSBuild.Core.Tests", "MSBuild.Core.Tests\MSBuild.Core.Tests.csproj", "{64D12982-9EB5-4946-ADF0-633DA2FE2A96}"
EndProject
Project("{9A19103F-16F7-4668-BE54-9A1E7A4F7556}") = "MSBuild.NET.Tests", "MSBuild.NET.Tests\MSBuild.NET.Tests.csproj", "{7370E23C-38E8-4C06-B4C4-FF1067A6D215}"
EndProject
Project("{9A19103F-16F7-4668-BE54-9A1E7A4F7556}") = "MSBuild.TestFramework", "MSBuild.TestFramework\MSBuild.TestFramework.csproj", "{9D3A6804-CB5F-48FE-A75A-9F6C359DBDC7}"
EndProject
Global
	GlobalSection(SolutionConfigurationPlatforms) = preSolution
		Debug|Any = Debug|Any
		Release|Any = Release|Any
	EndGlobalSection
	GlobalSection(ProjectConfigurationPlatforms) = postSolution
		{64D12982-9EB5-4946-ADF0-633DA2FE2A96}.Debug|Any.ActiveCfg = Debug|Any
		{64D12982-9EB5-4946-ADF0-633DA2FE2A96}.Debug|Any.Build.0 = Debug|Any
		{64D12982-9EB5-4946-ADF0-633DA2FE2A96}.Release|Any.ActiveCfg = Release|Any
		{64D12982-9EB5-4946-ADF0-633DA2FE2A96}.Release|Any.Build.0 = Release|Any
		{7370E23C-38E8-4C06-B4C4-FF1067A6D215}.Debug|Any.ActiveCfg = Debug|Any
		{7370E23C-38E8-4C06-B4C4-FF1067A6D215}.Debug|Any.Build.0 = Debug|Any
		{7370E23C-38E8-4C06-B4C4-FF1067A6D215}.Release|Any.ActiveCfg = Release|Any
		{7370E23C-38E8-4C06-B4C4-FF1067A6D215}.Release|Any.Build.0 = Release|Any
		{9D3A6804-CB5F-48FE-A75A-9F6C359DBDC7}.Debug|Any.ActiveCfg = Debug|Any
		{9D3A6804-CB5F-48FE-A75A-9F6C359DBDC7}.Debug|Any.Build.0 = Debug|Any
		{9D3A6804-CB5F-48FE-A75A-9F6C359DBDC7}.Release|Any.ActiveCfg = Release|Any
		{9D3A6804-CB5F-48FE-A75A-9F6C359DBDC7}.Release|Any.Build.0 = Release|Any
	EndGlobalSection
	GlobalSection(SolutionProperties) = preSolution
		HideSolutionNode = FALSE
	EndGlobalSection
	GlobalSection(ExtensibilityGlobals) = postSolution
		SolutionGuid = {59E40B9F-1468-4E2F-BD7B-EFE7B2DDDCF0}
	EndGlobalSection
EndGlobal
