Microsoft Visual Studio Solution File, Format Version 12.00
# Visual Studio Version 17
VisualStudioVersion = 17.0
MinimumVisualStudioVersion = 15.0
Project("{5DD5E4FA-CB73-4610-85AB-557B54E96AA9}") = "MSBuild.Common.Sdk", "MSBuild.Common.Sdk\MSBuild.Common.Sdk.nuproj", "{A7EE4057-5228-4D49-A7E3-778B642A66D3}"
EndProject
Project("{5DD5E4FA-CB73-4610-85AB-557B54E96AA9}") = "MSBuild.Core.Sdk", "MSBuild.Core.Sdk\MSBuild.Core.Sdk.nuproj", "{4E8B0C67-EF67-4911-9C0E-7E98F4DD9F94}"
EndProject
Project("{5DD5E4FA-CB73-4610-85AB-557B54E96AA9}") = "MSBuild.Dependencies.Sdk", "MSBuild.Dependencies.Sdk\MSBuild.Dependencies.Sdk.nuproj", "{4D73720F-06D1-4A74-84D6-FE23115F5F96}"
EndProject
Project("{5DD5E4FA-CB73-4610-85AB-557B54E96AA9}") = "MSBuild.Managed.Sdk", "MSBuild.Managed.Sdk\MSBuild.Managed.Sdk.nuproj", "{ACEAD681-9AF6-45A1-BCE0-A893E9EE59BB}"
EndProject
Project("{5DD5E4FA-CB73-4610-85AB-557B54E96AA9}") = "MSBuild.Native.Sdk", "MSBuild.Native.Sdk\MSBuild.Native.Sdk.nuproj", "{B088F8C2-87CE-4A56-B92B-83BF2EF995F7}"
EndProject
Project("{5DD5E4FA-CB73-4610-85AB-557B54E96AA9}") = "MSBuild.Packaging.Sdk", "MSBuild.Packaging.Sdk\MSBuild.Packaging.Sdk.nuproj", "{5E1B574A-7C25-4C51-B25B-6D78F847252F}"
EndProject
Project("{5DD5E4FA-CB73-4610-85AB-557B54E96AA9}") = "MSBuild.Project.Sdk", "MSBuild.Project.Sdk\MSBuild.Project.Sdk.nuproj", "{783A4558-BD83-4557-A6BC-A9C5636E82AD}"
EndProject
Project("{5DD5E4FA-CB73-4610-85AB-557B54E96AA9}") = "MSBuild.Sharing.Sdk", "MSBuild.Sharing.Sdk\MSBuild.Sharing.Sdk.nuproj", "{4E83D386-7C67-465C-9407-1FEA813B1DFA}"
EndProject
Project("{5DD5E4FA-CB73-4610-85AB-557B54E96AA9}") = "MSBuild.Solution.Sdk", "MSBuild.Solution.Sdk\MSBuild.Solution.Sdk.nuproj", "{6B5DCD27-878E-4D34-ABBA-D2B2CDBC0058}"
EndProject
Global
	GlobalSection(SolutionConfigurationPlatforms) = preSolution
		Debug|Any = Debug|Any
		Release|Any = Release|Any
	EndGlobalSection
	GlobalSection(ProjectConfigurationPlatforms) = postSolution
		{A7EE4057-5228-4D49-A7E3-778B642A66D3}.Debug|Any.ActiveCfg = Debug|Any
		{A7EE4057-5228-4D49-A7E3-778B642A66D3}.Debug|Any.Build.0 = Debug|Any
		{A7EE4057-5228-4D49-A7E3-778B642A66D3}.Release|Any.ActiveCfg = Release|Any
		{A7EE4057-5228-4D49-A7E3-778B642A66D3}.Release|Any.Build.0 = Release|Any
		{4E8B0C67-EF67-4911-9C0E-7E98F4DD9F94}.Debug|Any.ActiveCfg = Debug|Any
		{4E8B0C67-EF67-4911-9C0E-7E98F4DD9F94}.Debug|Any.Build.0 = Debug|Any
		{4E8B0C67-EF67-4911-9C0E-7E98F4DD9F94}.Release|Any.ActiveCfg = Release|Any
		{4E8B0C67-EF67-4911-9C0E-7E98F4DD9F94}.Release|Any.Build.0 = Release|Any
		{4D73720F-06D1-4A74-84D6-FE23115F5F96}.Debug|Any.ActiveCfg = Debug|Any
		{4D73720F-06D1-4A74-84D6-FE23115F5F96}.Debug|Any.Build.0 = Debug|Any
		{4D73720F-06D1-4A74-84D6-FE23115F5F96}.Release|Any.ActiveCfg = Release|Any
		{4D73720F-06D1-4A74-84D6-FE23115F5F96}.Release|Any.Build.0 = Release|Any
		{ACEAD681-9AF6-45A1-BCE0-A893E9EE59BB}.Debug|Any.ActiveCfg = Debug|Any
		{ACEAD681-9AF6-45A1-BCE0-A893E9EE59BB}.Debug|Any.Build.0 = Debug|Any
		{ACEAD681-9AF6-45A1-BCE0-A893E9EE59BB}.Release|Any.ActiveCfg = Release|Any
		{ACEAD681-9AF6-45A1-BCE0-A893E9EE59BB}.Release|Any.Build.0 = Release|Any
		{B088F8C2-87CE-4A56-B92B-83BF2EF995F7}.Debug|Any.ActiveCfg = Debug|Any
		{B088F8C2-87CE-4A56-B92B-83BF2EF995F7}.Debug|Any.Build.0 = Debug|Any
		{B088F8C2-87CE-4A56-B92B-83BF2EF995F7}.Release|Any.ActiveCfg = Release|Any
		{B088F8C2-87CE-4A56-B92B-83BF2EF995F7}.Release|Any.Build.0 = Release|Any
		{783A4558-BD83-4557-A6BC-A9C5636E82AD}.Debug|Any.ActiveCfg = Debug|Any
		{783A4558-BD83-4557-A6BC-A9C5636E82AD}.Debug|Any.Build.0 = Debug|Any
		{783A4558-BD83-4557-A6BC-A9C5636E82AD}.Release|Any.ActiveCfg = Release|Any
		{783A4558-BD83-4557-A6BC-A9C5636E82AD}.Release|Any.Build.0 = Release|Any
		{5E1B574A-7C25-4C51-B25B-6D78F847252F}.Debug|Any.ActiveCfg = Debug|Any
		{5E1B574A-7C25-4C51-B25B-6D78F847252F}.Debug|Any.Build.0 = Debug|Any
		{5E1B574A-7C25-4C51-B25B-6D78F847252F}.Release|Any.ActiveCfg = Release|Any
		{5E1B574A-7C25-4C51-B25B-6D78F847252F}.Release|Any.Build.0 = Release|Any
		{4E83D386-7C67-465C-9407-1FEA813B1DFA}.Debug|Any.ActiveCfg = Debug|Any
		{4E83D386-7C67-465C-9407-1FEA813B1DFA}.Debug|Any.Build.0 = Debug|Any
		{4E83D386-7C67-465C-9407-1FEA813B1DFA}.Release|Any.ActiveCfg = Release|Any
		{4E83D386-7C67-465C-9407-1FEA813B1DFA}.Release|Any.Build.0 = Release|Any
		{6B5DCD27-878E-4D34-ABBA-D2B2CDBC0058}.Debug|Any.ActiveCfg = Debug|Any
		{6B5DCD27-878E-4D34-ABBA-D2B2CDBC0058}.Debug|Any.Build.0 = Debug|Any
		{6B5DCD27-878E-4D34-ABBA-D2B2CDBC0058}.Release|Any.ActiveCfg = Release|Any
		{6B5DCD27-878E-4D34-ABBA-D2B2CDBC0058}.Release|Any.Build.0 = Release|Any
	EndGlobalSection
	GlobalSection(SolutionProperties) = preSolution
		HideSolutionNode = FALSE
	EndGlobalSection
	GlobalSection(ExtensibilityGlobals) = postSolution
		SolutionGuid = {161AF27F-6709-4864-8C19-36C68D18F73E}
	EndGlobalSection
EndGlobal
