
Microsoft Visual Studio Solution File, Format Version 12.00
# Visual Studio 15
VisualStudioVersion = 15.0.27428.2027
MinimumVisualStudioVersion = 10.0.40219.1
Project("{9A19103F-16F7-4668-BE54-9A1E7A4F7556}") = "Windows.Console.Application", "Windows.Console.Application\Windows.Console.Application.csproj", "{4FD1DC43-5F90-4C45-AEBB-898FAF7CB695}"
EndProject
Project("{9A19103F-16F7-4668-BE54-9A1E7A4F7556}") = "Windows.Forms.Application", "Windows.Forms.Application\Windows.Forms.Application.csproj", "{48DD01AF-5599-4477-8C21-944732B8F592}"
EndProject
Project("{9A19103F-16F7-4668-BE54-9A1E7A4F7556}") = "Windows.Forms.Library", "Windows.Forms.Library\Windows.Forms.Library.csproj", "{E2C03752-9BDD-4451-8811-557816D0A64A}"
EndProject
Project("{9A19103F-16F7-4668-BE54-9A1E7A4F7556}") = "Windows.Library", "Windows.Library\Windows.Library.csproj", "{3FD746AE-17B6-4BBD-9001-5654E50E17BF}"
EndProject
Project("{9A19103F-16F7-4668-BE54-9A1E7A4F7556}") = "Windows.PresentationFoundation.Application", "Windows.PresentationFoundation.Application\Windows.PresentationFoundation.Application.csproj", "{60A78791-6C26-4382-9689-70792B01856D}"
EndProject
Project("{9A19103F-16F7-4668-BE54-9A1E7A4F7556}") = "Windows.PresentationFoundation.Browser.Application", "Windows.PresentationFoundation.Browser.Application\Windows.PresentationFoundation.Browser.Application.csproj", "{A8DBDB66-4729-4D48-8812-0832D8A27BAC}"
EndProject
Project("{9A19103F-16F7-4668-BE54-9A1E7A4F7556}") = "Windows.PresentationFoundation.Library", "Windows.PresentationFoundation.Library\Windows.PresentationFoundation.Library.csproj", "{3B9FBEE7-205A-4616-B813-D91E8D452E1F}"
EndProject
Project("{9A19103F-16F7-4668-BE54-9A1E7A4F7556}") = "Windows.Service.Application", "Windows.Service.Application\Windows.Service.Application.csproj", "{B915AE52-CC47-4189-B75C-AF8AE2B03D60}"
EndProject
Global
	GlobalSection(SolutionConfigurationPlatforms) = preSolution
		Debug|Any CPU = Debug|Any CPU
		Release|Any CPU = Release|Any CPU
	EndGlobalSection
	GlobalSection(ProjectConfigurationPlatforms) = postSolution
		{4FD1DC43-5F90-4C45-AEBB-898FAF7CB695}.Debug|Any CPU.ActiveCfg = Debug|Any CPU
		{4FD1DC43-5F90-4C45-AEBB-898FAF7CB695}.Debug|Any CPU.Build.0 = Debug|Any CPU
		{4FD1DC43-5F90-4C45-AEBB-898FAF7CB695}.Release|Any CPU.ActiveCfg = Release|Any CPU
		{4FD1DC43-5F90-4C45-AEBB-898FAF7CB695}.Release|Any CPU.Build.0 = Release|Any CPU
		{48DD01AF-5599-4477-8C21-944732B8F592}.Debug|Any CPU.ActiveCfg = Debug|Any CPU
		{48DD01AF-5599-4477-8C21-944732B8F592}.Debug|Any CPU.Build.0 = Debug|Any CPU
		{48DD01AF-5599-4477-8C21-944732B8F592}.Release|Any CPU.ActiveCfg = Release|Any CPU
		{48DD01AF-5599-4477-8C21-944732B8F592}.Release|Any CPU.Build.0 = Release|Any CPU
		{E2C03752-9BDD-4451-8811-557816D0A64A}.Debug|Any CPU.ActiveCfg = Debug|Any CPU
		{E2C03752-9BDD-4451-8811-557816D0A64A}.Debug|Any CPU.Build.0 = Debug|Any CPU
		{E2C03752-9BDD-4451-8811-557816D0A64A}.Release|Any CPU.ActiveCfg = Release|Any CPU
		{E2C03752-9BDD-4451-8811-557816D0A64A}.Release|Any CPU.Build.0 = Release|Any CPU
		{3FD746AE-17B6-4BBD-9001-5654E50E17BF}.Debug|Any CPU.ActiveCfg = Debug|Any CPU
		{3FD746AE-17B6-4BBD-9001-5654E50E17BF}.Debug|Any CPU.Build.0 = Debug|Any CPU
		{3FD746AE-17B6-4BBD-9001-5654E50E17BF}.Release|Any CPU.ActiveCfg = Release|Any CPU
		{3FD746AE-17B6-4BBD-9001-5654E50E17BF}.Release|Any CPU.Build.0 = Release|Any CPU
		{60A78791-6C26-4382-9689-70792B01856D}.Debug|Any CPU.ActiveCfg = Debug|Any CPU
		{60A78791-6C26-4382-9689-70792B01856D}.Debug|Any CPU.Build.0 = Debug|Any CPU
		{60A78791-6C26-4382-9689-70792B01856D}.Release|Any CPU.ActiveCfg = Release|Any CPU
		{60A78791-6C26-4382-9689-70792B01856D}.Release|Any CPU.Build.0 = Release|Any CPU
		{A8DBDB66-4729-4D48-8812-0832D8A27BAC}.Debug|Any CPU.ActiveCfg = Debug|Any CPU
		{A8DBDB66-4729-4D48-8812-0832D8A27BAC}.Debug|Any CPU.Build.0 = Debug|Any CPU
		{A8DBDB66-4729-4D48-8812-0832D8A27BAC}.Release|Any CPU.ActiveCfg = Release|Any CPU
		{A8DBDB66-4729-4D48-8812-0832D8A27BAC}.Release|Any CPU.Build.0 = Release|Any CPU
		{3B9FBEE7-205A-4616-B813-D91E8D452E1F}.Debug|Any CPU.ActiveCfg = Debug|Any CPU
		{3B9FBEE7-205A-4616-B813-D91E8D452E1F}.Debug|Any CPU.Build.0 = Debug|Any CPU
		{3B9FBEE7-205A-4616-B813-D91E8D452E1F}.Release|Any CPU.ActiveCfg = Release|Any CPU
		{3B9FBEE7-205A-4616-B813-D91E8D452E1F}.Release|Any CPU.Build.0 = Release|Any CPU
		{B915AE52-CC47-4189-B75C-AF8AE2B03D60}.Debug|Any CPU.ActiveCfg = Debug|Any CPU
		{B915AE52-CC47-4189-B75C-AF8AE2B03D60}.Debug|Any CPU.Build.0 = Debug|Any CPU
		{B915AE52-CC47-4189-B75C-AF8AE2B03D60}.Release|Any CPU.ActiveCfg = Release|Any CPU
		{B915AE52-CC47-4189-B75C-AF8AE2B03D60}.Release|Any CPU.Build.0 = Release|Any CPU
	EndGlobalSection
	GlobalSection(SolutionProperties) = preSolution
		HideSolutionNode = FALSE
	EndGlobalSection
	GlobalSection(ExtensibilityGlobals) = postSolution
		SolutionGuid = {B0A0B0A6-287F-4F26-AEC5-E4042FFC2CAF}
	EndGlobalSection
EndGlobal
